
Microsoft Visual Studio Solution File, Format Version 12.00
# Visual Studio Version 17
VisualStudioVersion = 17.10.35027.167
MinimumVisualStudioVersion = 10.0.40219.1
Project("{FAE04EC0-301F-11D3-BF4B-00C04F79EFBC}") = "BillFolio", "BillFolio.csproj", "{EFAF5ADB-D90A-4640-B166-B884C26C821D}"
EndProject
Global
	GlobalSection(SolutionConfigurationPlatforms) = preSolution
		Debug|Any CPU = Debug|Any CPU
		Release|Any CPU = Release|Any CPU
	EndGlobalSection
	GlobalSection(ProjectConfigurationPlatforms) = postSolution
		{EFAF5ADB-D90A-4640-B166-B884C26C821D}.Debug|Any CPU.ActiveCfg = Debug|Any CPU
		{EFAF5ADB-D90A-4640-B166-B884C26C821D}.Debug|Any CPU.Build.0 = Debug|Any CPU
		{EFAF5ADB-D90A-4640-B166-B884C26C821D}.Debug|Any CPU.Deploy.0 = Debug|Any CPU
		{EFAF5ADB-D90A-4640-B166-B884C26C821D}.Release|Any CPU.ActiveCfg = Release|Any CPU
		{EFAF5ADB-D90A-4640-B166-B884C26C821D}.Release|Any CPU.Build.0 = Release|Any CPU
		{EFAF5ADB-D90A-4640-B166-B884C26C821D}.Release|Any CPU.Deploy.0 = Release|Any CPU
	EndGlobalSection
	GlobalSection(SolutionProperties) = preSolution
		HideSolutionNode = FALSE
	EndGlobalSection
	GlobalSection(ExtensibilityGlobals) = postSolution
		SolutionGuid = {7242AA9E-E911-47D0-AFF3-2BA4561A8E7E}
	EndGlobalSection
EndGlobal
